// !$*UTF8*$!
{
	archiveVersion = 1;
	classes = {
	};
	objectVersion = 50;
	objects = {

/* Begin PBXBuildFile section */
		0C0E83A9238CEA7B009429CC /* AppDelegate.swift in Sources */ = {isa = PBXBuildFile; fileRef = 0C0E83A8238CEA7B009429CC /* AppDelegate.swift */; };
		0C0E83AB238CEA7B009429CC /* SceneDelegate.swift in Sources */ = {isa = PBXBuildFile; fileRef = 0C0E83AA238CEA7B009429CC /* SceneDelegate.swift */; };
		0C0E83AD238CEA7B009429CC /* ViewController.swift in Sources */ = {isa = PBXBuildFile; fileRef = 0C0E83AC238CEA7B009429CC /* ViewController.swift */; };
		0C0E83B0238CEA7B009429CC /* Main.storyboard in Resources */ = {isa = PBXBuildFile; fileRef = 0C0E83AE238CEA7B009429CC /* Main.storyboard */; };
		0C0E83B2238CEA7E009429CC /* Assets.xcassets in Resources */ = {isa = PBXBuildFile; fileRef = 0C0E83B1238CEA7E009429CC /* Assets.xcassets */; };
		0C0E83B5238CEA7E009429CC /* LaunchScreen.storyboard in Resources */ = {isa = PBXBuildFile; fileRef = 0C0E83B3238CEA7E009429CC /* LaunchScreen.storyboard */; };
		EC0A2DB7488FAF07E67B5EB7 /* Pods_LocalNotificationProject.framework in Frameworks */ = {isa = PBXBuildFile; fileRef = 6E0738D84E76D499527B5FA1 /* Pods_LocalNotificationProject.framework */; };
/* End PBXBuildFile section */

/* Begin PBXFileReference section */
		0B86FE2FB4CBC0B185DFDC71 /* Pods-LocalNotificationProject.release.xcconfig */ = {isa = PBXFileReference; includeInIndex = 1; lastKnownFileType = text.xcconfig; name = "Pods-LocalNotificationProject.release.xcconfig"; path = "Target Support Files/Pods-LocalNotificationProject/Pods-LocalNotificationProject.release.xcconfig"; sourceTree = "<group>"; };
		0C0E83A5238CEA7B009429CC /* LocalNotificationProject.app */ = {isa = PBXFileReference; explicitFileType = wrapper.application; includeInIndex = 0; path = LocalNotificationProject.app; sourceTree = BUILT_PRODUCTS_DIR; };
		0C0E83A8238CEA7B009429CC /* AppDelegate.swift */ = {isa = PBXFileReference; lastKnownFileType = sourcecode.swift; path = AppDelegate.swift; sourceTree = "<group>"; };
		0C0E83AA238CEA7B009429CC /* SceneDelegate.swift */ = {isa = PBXFileReference; lastKnownFileType = sourcecode.swift; path = SceneDelegate.swift; sourceTree = "<group>"; };
		0C0E83AC238CEA7B009429CC /* ViewController.swift */ = {isa = PBXFileReference; lastKnownFileType = sourcecode.swift; path = ViewController.swift; sourceTree = "<group>"; };
		0C0E83AF238CEA7B009429CC /* Base */ = {isa = PBXFileReference; lastKnownFileType = file.storyboard; name = Base; path = Base.lproj/Main.storyboard; sourceTree = "<group>"; };
		0C0E83B1238CEA7E009429CC /* Assets.xcassets */ = {isa = PBXFileReference; lastKnownFileType = folder.assetcatalog; path = Assets.xcassets; sourceTree = "<group>"; };
		0C0E83B4238CEA7E009429CC /* Base */ = {isa = PBXFileReference; lastKnownFileType = file.storyboard; name = Base; path = Base.lproj/LaunchScreen.storyboard; sourceTree = "<group>"; };
		0C0E83B6238CEA7E009429CC /* Info.plist */ = {isa = PBXFileReference; lastKnownFileType = text.plist.xml; path = Info.plist; sourceTree = "<group>"; };
		6E0738D84E76D499527B5FA1 /* Pods_LocalNotificationProject.framework */ = {isa = PBXFileReference; explicitFileType = wrapper.framework; includeInIndex = 0; path = Pods_LocalNotificationProject.framework; sourceTree = BUILT_PRODUCTS_DIR; };
		9050BBE12AFC2FBD2955E7C8 /* Pods-LocalNotificationProject.debug.xcconfig */ = {isa = PBXFileReference; includeInIndex = 1; lastKnownFileType = text.xcconfig; name = "Pods-LocalNotificationProject.debug.xcconfig"; path = "Target Support Files/Pods-LocalNotificationProject/Pods-LocalNotificationProject.debug.xcconfig"; sourceTree = "<group>"; };
/* End PBXFileReference section */

/* Begin PBXFrameworksBuildPhase section */
		0C0E83A2238CEA7B009429CC /* Frameworks */ = {
			isa = PBXFrameworksBuildPhase;
			buildActionMask = 2147483647;
			files = (
				EC0A2DB7488FAF07E67B5EB7 /* Pods_LocalNotificationProject.framework in Frameworks */,
			);
			runOnlyForDeploymentPostprocessing = 0;
		};
/* End PBXFrameworksBuildPhase section */

/* Begin PBXGroup section */
		0C0E839C238CEA7B009429CC = {
			isa = PBXGroup;
			children = (
				0C0E83A7238CEA7B009429CC /* LocalNotificationProject */,
				0C0E83A6238CEA7B009429CC /* Products */,
				57C5ABB248E8F4CC3099EB43 /* Pods */,
				33D54E73B4E268E31ED3ACDE /* Frameworks */,
			);
			sourceTree = "<group>";
		};
		0C0E83A6238CEA7B009429CC /* Products */ = {
			isa = PBXGroup;
			children = (
				0C0E83A5238CEA7B009429CC /* LocalNotificationProject.app */,
			);
			name = Products;
			sourceTree = "<group>";
		};
		0C0E83A7238CEA7B009429CC /* LocalNotificationProject */ = {
			isa = PBXGroup;
			children = (
				0C0E83A8238CEA7B009429CC /* AppDelegate.swift */,
				0C0E83AA238CEA7B009429CC /* SceneDelegate.swift */,
				0C0E83AC238CEA7B009429CC /* ViewController.swift */,
				0C0E83AE238CEA7B009429CC /* Main.storyboard */,
				0C0E83B1238CEA7E009429CC /* Assets.xcassets */,
				0C0E83B3238CEA7E009429CC /* LaunchScreen.storyboard */,
				0C0E83B6238CEA7E009429CC /* Info.plist */,
			);
			path = LocalNotificationProject;
			sourceTree = "<group>";
		};
		33D54E73B4E268E31ED3ACDE /* Frameworks */ = {
			isa = PBXGroup;
			children = (
				6E0738D84E76D499527B5FA1 /* Pods_LocalNotificationProject.framework */,
			);
			name = Frameworks;
			sourceTree = "<group>";
		};
		57C5ABB248E8F4CC3099EB43 /* Pods */ = {
			isa = PBXGroup;
			children = (
				9050BBE12AFC2FBD2955E7C8 /* Pods-LocalNotificationProject.debug.xcconfig */,
				0B86FE2FB4CBC0B185DFDC71 /* Pods-LocalNotificationProject.release.xcconfig */,
			);
			name = Pods;
			path = Pods;
			sourceTree = "<group>";
		};
/* End PBXGroup section */

/* Begin PBXNativeTarget section */
		0C0E83A4238CEA7B009429CC /* LocalNotificationProject */ = {
			isa = PBXNativeTarget;
			buildConfigurationList = 0C0E83B9238CEA7E009429CC /* Build configuration list for PBXNativeTarget "LocalNotificationProject" */;
			buildPhases = (
				85FEB8019E1AE357B073A668 /* [CP] Check Pods Manifest.lock */,
				0C0E83A1238CEA7B009429CC /* Sources */,
				0C0E83A2238CEA7B009429CC /* Frameworks */,
				0C0E83A3238CEA7B009429CC /* Resources */,
				2A25BDA526FC6CEFE9C6C880 /* [CP] Embed Pods Frameworks */,
			);
			buildRules = (
			);
			dependencies = (
			);
			name = LocalNotificationProject;
			productName = LocalNotificationProject;
			productReference = 0C0E83A5238CEA7B009429CC /* LocalNotificationProject.app */;
			productType = "com.apple.product-type.application";
		};
/* End PBXNativeTarget section */

/* Begin PBXProject section */
		0C0E839D238CEA7B009429CC /* Project object */ = {
			isa = PBXProject;
			attributes = {
				LastSwiftUpdateCheck = 1110;
				LastUpgradeCheck = 1110;
				ORGANIZATIONNAME = yonekan;
				TargetAttributes = {
					0C0E83A4238CEA7B009429CC = {
						CreatedOnToolsVersion = 11.1;
					};
				};
			};
			buildConfigurationList = 0C0E83A0238CEA7B009429CC /* Build configuration list for PBXProject "LocalNotificationProject" */;
			compatibilityVersion = "Xcode 9.3";
			developmentRegion = en;
			hasScannedForEncodings = 0;
			knownRegions = (
				en,
				Base,
			);
			mainGroup = 0C0E839C238CEA7B009429CC;
			productRefGroup = 0C0E83A6238CEA7B009429CC /* Products */;
			projectDirPath = "";
			projectRoot = "";
			targets = (
				0C0E83A4238CEA7B009429CC /* LocalNotificationProject */,
			);
		};
/* End PBXProject section */

/* Begin PBXResourcesBuildPhase section */
		0C0E83A3238CEA7B009429CC /* Resources */ = {
			isa = PBXResourcesBuildPhase;
			buildActionMask = 2147483647;
			files = (
				0C0E83B5238CEA7E009429CC /* LaunchScreen.storyboard in Resources */,
				0C0E83B2238CEA7E009429CC /* Assets.xcassets in Resources */,
				0C0E83B0238CEA7B009429CC /* Main.storyboard in Resources */,
			);
			runOnlyForDeploymentPostprocessing = 0;
		};
/* End PBXResourcesBuildPhase section */

/* Begin PBXShellScriptBuildPhase section */
		2A25BDA526FC6CEFE9C6C880 /* [CP] Embed Pods Frameworks */ = {
			isa = PBXShellScriptBuildPhase;
			buildActionMask = 2147483647;
			files = (
			);
			inputFileListPaths = (
				"${PODS_ROOT}/Target Support Files/Pods-LocalNotificationProject/Pods-LocalNotificationProject-frameworks-${CONFIGURATION}-input-files.xcfilelist",
			);
			name = "[CP] Embed Pods Frameworks";
			outputFileListPaths = (
				"${PODS_ROOT}/Target Support Files/Pods-LocalNotificationProject/Pods-LocalNotificationProject-frameworks-${CONFIGURATION}-output-files.xcfilelist",
			);
			runOnlyForDeploymentPostprocessing = 0;
			shellPath = /bin/sh;
			shellScript = "\"${PODS_ROOT}/Target Support Files/Pods-LocalNotificationProject/Pods-LocalNotificationProject-frameworks.sh\"\n";
			showEnvVarsInLog = 0;
		};
		85FEB8019E1AE357B073A668 /* [CP] Check Pods Manifest.lock */ = {
			isa = PBXShellScriptBuildPhase;
			buildActionMask = 2147483647;
			files = (
			);
			inputFileListPaths = (
			);
			inputPaths = (
				"${PODS_PODFILE_DIR_PATH}/Podfile.lock",
				"${PODS_ROOT}/Manifest.lock",
			);
			name = "[CP] Check Pods Manifest.lock";
			outputFileListPaths = (
			);
			outputPaths = (
				"$(DERIVED_FILE_DIR)/Pods-LocalNotificationProject-checkManifestLockResult.txt",
			);
			runOnlyForDeploymentPostprocessing = 0;
			shellPath = /bin/sh;
			shellScript = "diff \"${PODS_PODFILE_DIR_PATH}/Podfile.lock\" \"${PODS_ROOT}/Manifest.lock\" > /dev/null\nif [ $? != 0 ] ; then\n    # print error to STDERR\n    echo \"error: The sandbox is not in sync with the Podfile.lock. Run 'pod install' or update your CocoaPods installation.\" >&2\n    exit 1\nfi\n# This output is used by Xcode 'outputs' to avoid re-running this script phase.\necho \"SUCCESS\" > \"${SCRIPT_OUTPUT_FILE_0}\"\n";
			showEnvVarsInLog = 0;
		};
/* End PBXShellScriptBuildPhase section */

/* Begin PBXSourcesBuildPhase section */
		0C0E83A1238CEA7B009429CC /* Sources */ = {
			isa = PBXSourcesBuildPhase;
			buildActionMask = 2147483647;
			files = (
				0C0E83AD238CEA7B009429CC /* ViewController.swift in Sources */,
				0C0E83A9238CEA7B009429CC /* AppDelegate.swift in Sources */,
				0C0E83AB238CEA7B009429CC /* SceneDelegate.swift in Sources */,
			);
			runOnlyForDeploymentPostprocessing = 0;
		};
/* End PBXSourcesBuildPhase section */

/* Begin PBXVariantGroup section */
		0C0E83AE238CEA7B009429CC /* Main.storyboard */ = {
			isa = PBXVariantGroup;
			children = (
				0C0E83AF238CEA7B009429CC /* Base */,
			);
			name = Main.storyboard;
			sourceTree = "<group>";
		};
		0C0E83B3238CEA7E009429CC /* LaunchScreen.storyboard */ = {
			isa = PBXVariantGroup;
			children = (
				0C0E83B4238CEA7E009429CC /* Base */,
			);
			name = LaunchScreen.storyboard;
			sourceTree = "<group>";
		};
/* End PBXVariantGroup section */

/* Begin XCBuildConfiguration section */
		0C0E83B7238CEA7E009429CC /* Debug */ = {
			isa = XCBuildConfiguration;
			buildSettings = {
				ALWAYS_SEARCH_USER_PATHS = NO;
				CLANG_ANALYZER_NONNULL = YES;
				CLANG_ANALYZER_NUMBER_OBJECT_CONVERSION = YES_AGGRESSIVE;
				CLANG_CXX_LANGUAGE_STANDARD = "gnu++14";
				CLANG_CXX_LIBRARY = "libc++";
				CLANG_ENABLE_MODULES = YES;
				CLANG_ENABLE_OBJC_ARC = YES;
				CLANG_ENABLE_OBJC_WEAK = YES;
				CLANG_WARN_BLOCK_CAPTURE_AUTORELEASING = YES;
				CLANG_WARN_BOOL_CONVERSION = YES;
				CLANG_WARN_COMMA = YES;
				CLANG_WARN_CONSTANT_CONVERSION = YES;
				CLANG_WARN_DEPRECATED_OBJC_IMPLEMENTATIONS = YES;
				CLANG_WARN_DIRECT_OBJC_ISA_USAGE = YES_ERROR;
				CLANG_WARN_DOCUMENTATION_COMMENTS = YES;
				CLANG_WARN_EMPTY_BODY = YES;
				CLANG_WARN_ENUM_CONVERSION = YES;
				CLANG_WARN_INFINITE_RECURSION = YES;
				CLANG_WARN_INT_CONVERSION = YES;
				CLANG_WARN_NON_LITERAL_NULL_CONVERSION = YES;
				CLANG_WARN_OBJC_IMPLICIT_RETAIN_SELF = YES;
				CLANG_WARN_OBJC_LITERAL_CONVERSION = YES;
				CLANG_WARN_OBJC_ROOT_CLASS = YES_ERROR;
				CLANG_WARN_RANGE_LOOP_ANALYSIS = YES;
				CLANG_WARN_STRICT_PROTOTYPES = YES;
				CLANG_WARN_SUSPICIOUS_MOVE = YES;
				CLANG_WARN_UNGUARDED_AVAILABILITY = YES_AGGRESSIVE;
				CLANG_WARN_UNREACHABLE_CODE = YES;
				CLANG_WARN__DUPLICATE_METHOD_MATCH = YES;
				COPY_PHASE_STRIP = NO;
				DEBUG_INFORMATION_FORMAT = dwarf;
				ENABLE_STRICT_OBJC_MSGSEND = YES;
				ENABLE_TESTABILITY = YES;
				GCC_C_LANGUAGE_STANDARD = gnu11;
				GCC_DYNAMIC_NO_PIC = NO;
				GCC_NO_COMMON_BLOCKS = YES;
				GCC_OPTIMIZATION_LEVEL = 0;
				GCC_PREPROCESSOR_DEFINITIONS = (
					"DEBUG=1",
					"$(inherited)",
				);
				GCC_WARN_64_TO_32_BIT_CONVERSION = YES;
				GCC_WARN_ABOUT_RETURN_TYPE = YES_ERROR;
				GCC_WARN_UNDECLARED_SELECTOR = YES;
				GCC_WARN_UNINITIALIZED_AUTOS = YES_AGGRESSIVE;
				GCC_WARN_UNUSED_FUNCTION = YES;
				GCC_WARN_UNUSED_VARIABLE = YES;
				IPHONEOS_DEPLOYMENT_TARGET = 13.1;
				MTL_ENABLE_DEBUG_INFO = INCLUDE_SOURCE;
				MTL_FAST_MATH = YES;
				ONLY_ACTIVE_ARCH = YES;
				SDKROOT = iphoneos;
				SWIFT_ACTIVE_COMPILATION_CONDITIONS = DEBUG;
				SWIFT_OPTIMIZATION_LEVEL = "-Onone";
			};
			name = Debug;
		};
		0C0E83B8238CEA7E009429CC /* Release */ = {
			isa = XCBuildConfiguration;
			buildSettings = {
				ALWAYS_SEARCH_USER_PATHS = NO;
				CLANG_ANALYZER_NONNULL = YES;
				CLANG_ANALYZER_NUMBER_OBJECT_CONVERSION = YES_AGGRESSIVE;
				CLANG_CXX_LANGUAGE_STANDARD = "gnu++14";
				CLANG_CXX_LIBRARY = "libc++";
				CLANG_ENABLE_MODULES = YES;
				CLANG_ENABLE_OBJC_ARC = YES;
				CLANG_ENABLE_OBJC_WEAK = YES;
				CLANG_WARN_BLOCK_CAPTURE_AUTORELEASING = YES;
				CLANG_WARN_BOOL_CONVERSION = YES;
				CLANG_WARN_COMMA = YES;
				CLANG_WARN_CONSTANT_CONVERSION = YES;
				CLANG_WARN_DEPRECATED_OBJC_IMPLEMENTATIONS = YES;
				CLANG_WARN_DIRECT_OBJC_ISA_USAGE = YES_ERROR;
				CLANG_WARN_DOCUMENTATION_COMMENTS = YES;
				CLANG_WARN_EMPTY_BODY = YES;
				CLANG_WARN_ENUM_CONVERSION = YES;
				CLANG_WARN_INFINITE_RECURSION = YES;
				CLANG_WARN_INT_CONVERSION = YES;
				CLANG_WARN_NON_LITERAL_NULL_CONVERSION = YES;
				CLANG_WARN_OBJC_IMPLICIT_RETAIN_SELF = YES;
				CLANG_WARN_OBJC_LITERAL_CONVERSION = YES;
				CLANG_WARN_OBJC_ROOT_CLASS = YES_ERROR;
				CLANG_WARN_RANGE_LOOP_ANALYSIS = YES;
				CLANG_WARN_STRICT_PROTOTYPES = YES;
				CLANG_WARN_SUSPICIOUS_MOVE = YES;
				CLANG_WARN_UNGUARDED_AVAILABILITY = YES_AGGRESSIVE;
				CLANG_WARN_UNREACHABLE_CODE = YES;
				CLANG_WARN__DUPLICATE_METHOD_MATCH = YES;
				COPY_PHASE_STRIP = NO;
				DEBUG_INFORMATION_FORMAT = "dwarf-with-dsym";
				ENABLE_NS_ASSERTIONS = NO;
				ENABLE_STRICT_OBJC_MSGSEND = YES;
				GCC_C_LANGUAGE_STANDARD = gnu11;
				GCC_NO_COMMON_BLOCKS = YES;
				GCC_WARN_64_TO_32_BIT_CONVERSION = YES;
				GCC_WARN_ABOUT_RETURN_TYPE = YES_ERROR;
				GCC_WARN_UNDECLARED_SELECTOR = YES;
				GCC_WARN_UNINITIALIZED_AUTOS = YES_AGGRESSIVE;
				GCC_WARN_UNUSED_FUNCTION = YES;
				GCC_WARN_UNUSED_VARIABLE = YES;
				IPHONEOS_DEPLOYMENT_TARGET = 13.1;
				MTL_ENABLE_DEBUG_INFO = NO;
				MTL_FAST_MATH = YES;
				SDKROOT = iphoneos;
				SWIFT_COMPILATION_MODE = wholemodule;
				SWIFT_OPTIMIZATION_LEVEL = "-O";
				VALIDATE_PRODUCT = YES;
			};
			name = Release;
		};
		0C0E83BA238CEA7E009429CC /* Debug */ = {
			isa = XCBuildConfiguration;
			baseConfigurationReference = 9050BBE12AFC2FBD2955E7C8 /* Pods-LocalNotificationProject.debug.xcconfig */;
			buildSettings = {
				ASSETCATALOG_COMPILER_APPICON_NAME = AppIcon;
				CODE_SIGN_STYLE = Automatic;
				DEVELOPMENT_TEAM = 8DB4CQZK65;
				INFOPLIST_FILE = LocalNotificationProject/Info.plist;
				LD_RUNPATH_SEARCH_PATHS = (
					"$(inherited)",
					"@executable_path/Frameworks",
				);
				PRODUCT_BUNDLE_IDENTIFIER = com.example.LocalNotificationProject;
				PRODUCT_NAME = "$(TARGET_NAME)";
				SWIFT_VERSION = 5.0;
				TARGETED_DEVICE_FAMILY = "1,2";
			};
			name = Debug;
		};
		0C0E83BB238CEA7E009429CC /* Release */ = {
			isa = XCBuildConfiguration;
			baseConfigurationReference = 0B86FE2FB4CBC0B185DFDC71 /* Pods-LocalNotificationProject.release.xcconfig */;
			buildSettings = {
				ASSETCATALOG_COMPILER_APPICON_NAME = AppIcon;
				CODE_SIGN_STYLE = Automatic;
				DEVELOPMENT_TEAM = 8DB4CQZK65;
				INFOPLIST_FILE = LocalNotificationProject/Info.plist;
				LD_RUNPATH_SEARCH_PATHS = (
					"$(inherited)",
					"@executable_path/Frameworks",
				);
				PRODUCT_BUNDLE_IDENTIFIER = com.example.LocalNotificationProject;
				PRODUCT_NAME = "$(TARGET_NAME)";
				SWIFT_VERSION = 5.0;
				TARGETED_DEVICE_FAMILY = "1,2";
			};
			name = Release;
		};
/* End XCBuildConfiguration section */

/* Begin XCConfigurationList section */
		0C0E83A0238CEA7B009429CC /* Build configuration list for PBXProject "LocalNotificationProject" */ = {
			isa = XCConfigurationList;
			buildConfigurations = (
				0C0E83B7238CEA7E009429CC /* Debug */,
				0C0E83B8238CEA7E009429CC /* Release */,
			);
			defaultConfigurationIsVisible = 0;
			defaultConfigurationName = Release;
		};
		0C0E83B9238CEA7E009429CC /* Build configuration list for PBXNativeTarget "LocalNotificationProject" */ = {
			isa = XCConfigurationList;
			buildConfigurations = (
				0C0E83BA238CEA7E009429CC /* Debug */,
				0C0E83BB238CEA7E009429CC /* Release */,
			);
			defaultConfigurationIsVisible = 0;
			defaultConfigurationName = Release;
		};
/* End XCConfigurationList section */
	};
	rootObject = 0C0E839D238CEA7B009429CC /* Project object */;
}
